{
  "name": "extensive-local-api",
  "version": "1.0.0",
  "lockfileVersion": 2,
  "requires": true,
  "packages": {
    "": {
      "name": "extensive-local-api",
      "version": "1.0.0",
      "dependencies": {
      },
      "bin": {
        "extensive-local-api": "src/index.ts"
      }
    }
  },
  "dependencies": {
  }
}
